<?xml version="1.0" encoding="utf-8"?>
<Project xmlns="http://schemas.microsoft.com/developer/msbuild/2003">
  <ItemGroup>
    <Filter Include="Generated Files">
      <UniqueIdentifier>{71ED8ED8-ACB9-4CE9-BBE1-E00B30144E11}</UniqueIdentifier>
      <Extensions>cpp;c;cxx;moc;h;def;odl;idl;res;</Extensions>
    </Filter>
    <Filter Include="Generated Files">
      <UniqueIdentifier>{71ED8ED8-ACB9-4CE9-BBE1-E00B30144E11}</UniqueIdentifier>
      <Extensions>cpp;c;cxx;moc;h;def;odl;idl;res;</Extensions>
    </Filter>
    <Filter Include="Header Files">
      <UniqueIdentifier>{93995380-89BD-4b04-88EB-625FBE52EBFB}</UniqueIdentifier>
      <Extensions>h;hpp;hxx;hm;inl;inc;xsd</Extensions>
    </Filter>
    <Filter Include="Header Files">
      <UniqueIdentifier>{93995380-89BD-4b04-88EB-625FBE52EBFB}</UniqueIdentifier>
      <Extensions>h;hpp;hxx;hm;inl;inc;xsd</Extensions>
    </Filter>
    <Filter Include="Source Files">
      <UniqueIdentifier>{4FC737F1-C7A5-4376-A066-2A32D752A2FF}</UniqueIdentifier>
      <Extensions>cpp;c;cxx;def;odl;idl;hpj;bat;asm;asmx</Extensions>
    </Filter>
    <Filter Include="Source Files">
      <UniqueIdentifier>{4FC737F1-C7A5-4376-A066-2A32D752A2FF}</UniqueIdentifier>
      <Extensions>cpp;c;cxx;def;odl;idl;hpj;bat;asm;asmx</Extensions>
    </Filter>
  </ItemGroup>
  <ItemGroup>
    <ClCompile Include="Direct2DRenderer.cpp">
      <Filter>Source Files</Filter>
    </ClCompile>
    <ClCompile Include="GDIRenderer.cpp">
      <Filter>Source Files</Filter>
    </ClCompile>
    <ClCompile Include="GLWidgetRenderer2.cpp">
      <Filter>Source Files</Filter>
    </ClCompile>
    <ClCompile Include="GraphicsItemRenderer.cpp">
      <Filter>Source Files</Filter>
    </ClCompile>
    <ClCompile Include="OpenGLWidgetRenderer.cpp">
      <Filter>Source Files</Filter>
    </ClCompile>
    <ClCompile Include="VideoPreviewWidget.cpp">
      <Filter>Source Files</Filter>
    </ClCompile>
    <ClCompile Include="WidgetRenderer.cpp">
      <Filter>Source Files</Filter>
    </ClCompile>
    <ClCompile Include="global.cpp">
      <Filter>Source Files</Filter>
    </ClCompile>
  </ItemGroup>
  <ItemGroup>
    <CustomBuild Include="QtAVWidgets\GLWidgetRenderer2.h">
      <Filter>Header Files</Filter>
    </CustomBuild>
    <CustomBuild Include="QtAVWidgets\GraphicsItemRenderer.h">
      <Filter>Header Files</Filter>
    </CustomBuild>
    <CustomBuild Include="QtAVWidgets\OpenGLWidgetRenderer.h">
      <Filter>Header Files</Filter>
    </CustomBuild>
    <ClInclude Include="QtAVWidgets\QtAVWidgets.h">
      <Filter>Header Files</Filter>
    </ClInclude>
    <ClInclude Include="QtAVWidgets\QtAVWidgets">
      <Filter>Header Files</Filter>
    </ClInclude>
    <CustomBuild Include="QtAVWidgets\VideoPreviewWidget.h">
      <Filter>Header Files</Filter>
    </CustomBuild>
    <CustomBuild Include="QtAVWidgets\WidgetRenderer.h">
      <Filter>Header Files</Filter>
    </CustomBuild>
    <ClInclude Include="QtAVWidgets\global.h">
      <Filter>Header Files</Filter>
    </ClInclude>
    <ClInclude Include="QtAVWidgets\version.h">
      <Filter>Header Files</Filter>
    </ClInclude>
  </ItemGroup>
  <ItemGroup>
    <CustomBuild Include="D:\develop\work_project\QtAV\QtAV\.moc\5.12.2\QtAVWidgets\Direct2DRenderer.moc.cbt">
      <Filter>Generated Files</Filter>
    </CustomBuild>
    <CustomBuild Include="D:\develop\work_project\QtAV\QtAV\.moc\5.12.2\QtAVWidgetsd\Direct2DRenderer.moc.cbt">
      <Filter>Generated Files</Filter>
    </CustomBuild>
    <CustomBuild Include="D:\develop\work_project\QtAV\QtAV\.moc\5.12.2\QtAVWidgets\GDIRenderer.moc.cbt">
      <Filter>Generated Files</Filter>
    </CustomBuild>
    <CustomBuild Include="D:\develop\work_project\QtAV\QtAV\.moc\5.12.2\QtAVWidgetsd\GDIRenderer.moc.cbt">
      <Filter>Generated Files</Filter>
    </CustomBuild>
    <ClCompile Include="..\.moc\5.12.2\QtAVWidgets\moc_GLWidgetRenderer2.cpp">
      <Filter>Generated Files</Filter>
    </ClCompile>
    <ClCompile Include="..\.moc\5.12.2\QtAVWidgetsd\moc_GLWidgetRenderer2.cpp">
      <Filter>Generated Files</Filter>
    </ClCompile>
    <ClCompile Include="..\.moc\5.12.2\QtAVWidgets\moc_GraphicsItemRenderer.cpp">
      <Filter>Generated Files</Filter>
    </ClCompile>
    <ClCompile Include="..\.moc\5.12.2\QtAVWidgetsd\moc_GraphicsItemRenderer.cpp">
      <Filter>Generated Files</Filter>
    </ClCompile>
    <ClCompile Include="..\.moc\5.12.2\QtAVWidgets\moc_OpenGLWidgetRenderer.cpp">
      <Filter>Generated Files</Filter>
    </ClCompile>
    <ClCompile Include="..\.moc\5.12.2\QtAVWidgetsd\moc_OpenGLWidgetRenderer.cpp">
      <Filter>Generated Files</Filter>
    </ClCompile>
    <ClCompile Include="..\.moc\5.12.2\QtAVWidgets\moc_VideoPreviewWidget.cpp">
      <Filter>Generated Files</Filter>
    </ClCompile>
    <ClCompile Include="..\.moc\5.12.2\QtAVWidgetsd\moc_VideoPreviewWidget.cpp">
      <Filter>Generated Files</Filter>
    </ClCompile>
    <ClCompile Include="..\.moc\5.12.2\QtAVWidgets\moc_WidgetRenderer.cpp">
      <Filter>Generated Files</Filter>
    </ClCompile>
    <ClCompile Include="..\.moc\5.12.2\QtAVWidgetsd\moc_WidgetRenderer.cpp">
      <Filter>Generated Files</Filter>
    </ClCompile>
    <CustomBuild Include="D:\develop\work_project\QtAV\QtAV\.moc\5.12.2\QtAVWidgets\moc_predefs.h.cbt">
      <Filter>Generated Files</Filter>
    </CustomBuild>
    <CustomBuild Include="D:\develop\work_project\QtAV\QtAV\.moc\5.12.2\QtAVWidgetsd\moc_predefs.h.cbt">
      <Filter>Generated Files</Filter>
    </CustomBuild>
  </ItemGroup>
  <ItemGroup>
    <ResourceCompile Include="D:\develop\work_project\QtAV\QtAV\widgets\QtAVWidgets_resource.rc" />
    <ResourceCompile Include="D:\develop\work_project\QtAV\QtAV\widgets\QtAVWidgetsd_resource.rc" />
  </ItemGroup>
</Project>