<?xml version="1.0" encoding="utf-8"?>
<Project xmlns="http://schemas.microsoft.com/developer/msbuild/2003">
  <ItemGroup>
    <Filter Include="Generated Files">
      <UniqueIdentifier>{71ED8ED8-ACB9-4CE9-BBE1-E00B30144E11}</UniqueIdentifier>
      <Extensions>cpp;c;cxx;moc;h;def;odl;idl;res;</Extensions>
    </Filter>
    <Filter Include="Generated Files">
      <UniqueIdentifier>{71ED8ED8-ACB9-4CE9-BBE1-E00B30144E11}</UniqueIdentifier>
      <Extensions>cpp;c;cxx;moc;h;def;odl;idl;res;</Extensions>
    </Filter>
    <Filter Include="Header Files">
      <UniqueIdentifier>{93995380-89BD-4b04-88EB-625FBE52EBFB}</UniqueIdentifier>
      <Extensions>h;hpp;hxx;hm;inl;inc;xsd</Extensions>
    </Filter>
    <Filter Include="Header Files">
      <UniqueIdentifier>{93995380-89BD-4b04-88EB-625FBE52EBFB}</UniqueIdentifier>
      <Extensions>h;hpp;hxx;hm;inl;inc;xsd</Extensions>
    </Filter>
    <Filter Include="Source Files">
      <UniqueIdentifier>{4FC737F1-C7A5-4376-A066-2A32D752A2FF}</UniqueIdentifier>
      <Extensions>cpp;c;cxx;def;odl;idl;hpj;bat;asm;asmx</Extensions>
    </Filter>
    <Filter Include="Source Files">
      <UniqueIdentifier>{4FC737F1-C7A5-4376-A066-2A32D752A2FF}</UniqueIdentifier>
      <Extensions>cpp;c;cxx;def;odl;idl;hpj;bat;asm;asmx</Extensions>
    </Filter>
    <Filter Include="extra_copy">
      <UniqueIdentifier>{E0D8C965-CC5F-43d7-AD63-FAEF0BBC0F85}-extra_copy</UniqueIdentifier>
      <ParseFiles>false</ParseFiles>
    </Filter>
    <Filter Include="extra_copy">
      <UniqueIdentifier>{E0D8C965-CC5F-43d7-AD63-FAEF0BBC0F85}-extra_copy</UniqueIdentifier>
      <ParseFiles>false</ParseFiles>
    </Filter>
  </ItemGroup>
  <ItemGroup>
    <ClCompile Include="MediaMetaData.cpp">
      <Filter>Source Files</Filter>
    </ClCompile>
    <ClCompile Include="QQuickItemRenderer.cpp">
      <Filter>Source Files</Filter>
    </ClCompile>
    <ClCompile Include="QmlAVPlayer.cpp">
      <Filter>Source Files</Filter>
    </ClCompile>
    <ClCompile Include="QuickFBORenderer.cpp">
      <Filter>Source Files</Filter>
    </ClCompile>
    <ClCompile Include="QuickFilter.cpp">
      <Filter>Source Files</Filter>
    </ClCompile>
    <ClCompile Include="QuickSubtitle.cpp">
      <Filter>Source Files</Filter>
    </ClCompile>
    <ClCompile Include="QuickSubtitleItem.cpp">
      <Filter>Source Files</Filter>
    </ClCompile>
    <ClCompile Include="QuickVideoPreview.cpp">
      <Filter>Source Files</Filter>
    </ClCompile>
    <ClCompile Include="SGVideoNode.cpp">
      <Filter>Source Files</Filter>
    </ClCompile>
    <ClCompile Include="plugin.cpp">
      <Filter>Source Files</Filter>
    </ClCompile>
  </ItemGroup>
  <ItemGroup>
    <ClInclude Include="QmlAV\Export.h">
      <Filter>Header Files</Filter>
    </ClInclude>
    <CustomBuild Include="QmlAV\MediaMetaData.h">
      <Filter>Header Files</Filter>
    </CustomBuild>
    <CustomBuild Include="QmlAV\QQuickItemRenderer.h">
      <Filter>Header Files</Filter>
    </CustomBuild>
    <CustomBuild Include="QmlAV\QmlAVPlayer.h">
      <Filter>Header Files</Filter>
    </CustomBuild>
    <CustomBuild Include="QmlAV\QuickFBORenderer.h">
      <Filter>Header Files</Filter>
    </CustomBuild>
    <CustomBuild Include="QmlAV\QuickFilter.h">
      <Filter>Header Files</Filter>
    </CustomBuild>
    <CustomBuild Include="QmlAV\QuickSubtitle.h">
      <Filter>Header Files</Filter>
    </CustomBuild>
    <CustomBuild Include="QmlAV\QuickSubtitleItem.h">
      <Filter>Header Files</Filter>
    </CustomBuild>
    <CustomBuild Include="QmlAV\QuickVideoPreview.h">
      <Filter>Header Files</Filter>
    </CustomBuild>
    <ClInclude Include="QmlAV\SGVideoNode.h">
      <Filter>Header Files</Filter>
    </ClInclude>
  </ItemGroup>
  <ItemGroup>
    <ClCompile Include="..\.moc\5.12.2\QmlAV\moc_MediaMetaData.cpp">
      <Filter>Generated Files</Filter>
    </ClCompile>
    <ClCompile Include="..\.moc\5.12.2\QmlAVd\moc_MediaMetaData.cpp">
      <Filter>Generated Files</Filter>
    </ClCompile>
    <ClCompile Include="..\.moc\5.12.2\QmlAV\moc_QQuickItemRenderer.cpp">
      <Filter>Generated Files</Filter>
    </ClCompile>
    <ClCompile Include="..\.moc\5.12.2\QmlAVd\moc_QQuickItemRenderer.cpp">
      <Filter>Generated Files</Filter>
    </ClCompile>
    <ClCompile Include="..\.moc\5.12.2\QmlAV\moc_QmlAVPlayer.cpp">
      <Filter>Generated Files</Filter>
    </ClCompile>
    <ClCompile Include="..\.moc\5.12.2\QmlAVd\moc_QmlAVPlayer.cpp">
      <Filter>Generated Files</Filter>
    </ClCompile>
    <ClCompile Include="..\.moc\5.12.2\QmlAV\moc_QuickFBORenderer.cpp">
      <Filter>Generated Files</Filter>
    </ClCompile>
    <ClCompile Include="..\.moc\5.12.2\QmlAVd\moc_QuickFBORenderer.cpp">
      <Filter>Generated Files</Filter>
    </ClCompile>
    <ClCompile Include="..\.moc\5.12.2\QmlAV\moc_QuickFilter.cpp">
      <Filter>Generated Files</Filter>
    </ClCompile>
    <ClCompile Include="..\.moc\5.12.2\QmlAVd\moc_QuickFilter.cpp">
      <Filter>Generated Files</Filter>
    </ClCompile>
    <ClCompile Include="..\.moc\5.12.2\QmlAV\moc_QuickSubtitle.cpp">
      <Filter>Generated Files</Filter>
    </ClCompile>
    <ClCompile Include="..\.moc\5.12.2\QmlAVd\moc_QuickSubtitle.cpp">
      <Filter>Generated Files</Filter>
    </ClCompile>
    <ClCompile Include="..\.moc\5.12.2\QmlAV\moc_QuickSubtitleItem.cpp">
      <Filter>Generated Files</Filter>
    </ClCompile>
    <ClCompile Include="..\.moc\5.12.2\QmlAVd\moc_QuickSubtitleItem.cpp">
      <Filter>Generated Files</Filter>
    </ClCompile>
    <ClCompile Include="..\.moc\5.12.2\QmlAV\moc_QuickVideoPreview.cpp">
      <Filter>Generated Files</Filter>
    </ClCompile>
    <ClCompile Include="..\.moc\5.12.2\QmlAVd\moc_QuickVideoPreview.cpp">
      <Filter>Generated Files</Filter>
    </ClCompile>
    <CustomBuild Include="D:\develop\work_project\QtAV\QtAV\.moc\5.12.2\QmlAV\moc_predefs.h.cbt">
      <Filter>Generated Files</Filter>
    </CustomBuild>
    <CustomBuild Include="D:\develop\work_project\QtAV\QtAV\.moc\5.12.2\QmlAVd\moc_predefs.h.cbt">
      <Filter>Generated Files</Filter>
    </CustomBuild>
    <CustomBuild Include="D:\develop\work_project\QtAV\QtAV\.moc\5.12.2\QmlAV\plugin.moc.cbt">
      <Filter>Generated Files</Filter>
    </CustomBuild>
    <CustomBuild Include="D:\develop\work_project\QtAV\QtAV\.moc\5.12.2\QmlAVd\plugin.moc.cbt">
      <Filter>Generated Files</Filter>
    </CustomBuild>
  </ItemGroup>
  <ItemGroup>
    <CustomBuild Include="Video.qml">
      <Filter>extra_copy</Filter>
    </CustomBuild>
    <CustomBuild Include="plugins.qmltypes">
      <Filter>extra_copy</Filter>
    </CustomBuild>
    <CustomBuild Include="qmldir">
      <Filter>extra_copy</Filter>
    </CustomBuild>
  </ItemGroup>
</Project>